
Microsoft Visual Studio Solution File, Format Version 12.00
# Visual Studio Version 16
VisualStudioVersion = 16.0.31702.278
MinimumVisualStudioVersion = 10.0.40219.1
Project("{FAE04EC0-301F-11D3-BF4B-00C04F79EFBC}") = "task5.1(again)", "task5.1(again)\task5.1(again).csproj", "{1A684838-E357-4338-8B02-53B4F2578209}"
EndProject
Global
	GlobalSection(SolutionConfigurationPlatforms) = preSolution
		Debug|Any CPU = Debug|Any CPU
		Release|Any CPU = Release|Any CPU
	EndGlobalSection
	GlobalSection(ProjectConfigurationPlatforms) = postSolution
		{1A684838-E357-4338-8B02-53B4F2578209}.Debug|Any CPU.ActiveCfg = Debug|Any CPU
		{1A684838-E357-4338-8B02-53B4F2578209}.Debug|Any CPU.Build.0 = Debug|Any CPU
		{1A684838-E357-4338-8B02-53B4F2578209}.Release|Any CPU.ActiveCfg = Release|Any CPU
		{1A684838-E357-4338-8B02-53B4F2578209}.Release|Any CPU.Build.0 = Release|Any CPU
	EndGlobalSection
	GlobalSection(SolutionProperties) = preSolution
		HideSolutionNode = FALSE
	EndGlobalSection
	GlobalSection(ExtensibilityGlobals) = postSolution
		SolutionGuid = {7911D46B-69C5-4BF0-AFBE-8BAD06747EE4}
	EndGlobalSection
EndGlobal
