
Microsoft Visual Studio Solution File, Format Version 12.00
# Visual Studio Version 16
VisualStudioVersion = 16.0.31702.278
MinimumVisualStudioVersion = 10.0.40219.1
Project("{FAE04EC0-301F-11D3-BF4B-00C04F79EFBC}") = "task3", "task3\task3.csproj", "{8D926E9E-A921-44F0-B9F6-A0C9B627C46F}"
EndProject
Global
	GlobalSection(SolutionConfigurationPlatforms) = preSolution
		Debug|Any CPU = Debug|Any CPU
		Release|Any CPU = Release|Any CPU
	EndGlobalSection
	GlobalSection(ProjectConfigurationPlatforms) = postSolution
		{8D926E9E-A921-44F0-B9F6-A0C9B627C46F}.Debug|Any CPU.ActiveCfg = Debug|Any CPU
		{8D926E9E-A921-44F0-B9F6-A0C9B627C46F}.Debug|Any CPU.Build.0 = Debug|Any CPU
		{8D926E9E-A921-44F0-B9F6-A0C9B627C46F}.Release|Any CPU.ActiveCfg = Release|Any CPU
		{8D926E9E-A921-44F0-B9F6-A0C9B627C46F}.Release|Any CPU.Build.0 = Release|Any CPU
	EndGlobalSection
	GlobalSection(SolutionProperties) = preSolution
		HideSolutionNode = FALSE
	EndGlobalSection
	GlobalSection(ExtensibilityGlobals) = postSolution
		SolutionGuid = {72421796-6213-42BF-A5F5-A4C39030A3DE}
	EndGlobalSection
EndGlobal
