
Microsoft Visual Studio Solution File, Format Version 12.00
# Visual Studio Version 17
VisualStudioVersion = 17.5.33516.290
MinimumVisualStudioVersion = 10.0.40219.1
Project("{FAE04EC0-301F-11D3-BF4B-00C04F79EFBC}") = "task3", "task3\task3.csproj", "{933B3C85-7CEB-4DD7-9C82-DFB4EB50F8F1}"
EndProject
Global
	GlobalSection(SolutionConfigurationPlatforms) = preSolution
		Debug|Any CPU = Debug|Any CPU
		Release|Any CPU = Release|Any CPU
	EndGlobalSection
	GlobalSection(ProjectConfigurationPlatforms) = postSolution
		{933B3C85-7CEB-4DD7-9C82-DFB4EB50F8F1}.Debug|Any CPU.ActiveCfg = Debug|Any CPU
		{933B3C85-7CEB-4DD7-9C82-DFB4EB50F8F1}.Debug|Any CPU.Build.0 = Debug|Any CPU
		{933B3C85-7CEB-4DD7-9C82-DFB4EB50F8F1}.Release|Any CPU.ActiveCfg = Release|Any CPU
		{933B3C85-7CEB-4DD7-9C82-DFB4EB50F8F1}.Release|Any CPU.Build.0 = Release|Any CPU
	EndGlobalSection
	GlobalSection(SolutionProperties) = preSolution
		HideSolutionNode = FALSE
	EndGlobalSection
	GlobalSection(ExtensibilityGlobals) = postSolution
		SolutionGuid = {EEE99834-6F91-4C47-AFDA-4CCEA9F0074D}
	EndGlobalSection
EndGlobal
