
Microsoft Visual Studio Solution File, Format Version 12.00
# Visual Studio Version 16
VisualStudioVersion = 16.0.31702.278
MinimumVisualStudioVersion = 10.0.40219.1
Project("{FAE04EC0-301F-11D3-BF4B-00C04F79EFBC}") = "exam", "exam\exam.csproj", "{967D5FBB-FC77-4EEA-B967-5350386C4DFD}"
EndProject
Global
	GlobalSection(SolutionConfigurationPlatforms) = preSolution
		Debug|Any CPU = Debug|Any CPU
		Release|Any CPU = Release|Any CPU
	EndGlobalSection
	GlobalSection(ProjectConfigurationPlatforms) = postSolution
		{967D5FBB-FC77-4EEA-B967-5350386C4DFD}.Debug|Any CPU.ActiveCfg = Debug|Any CPU
		{967D5FBB-FC77-4EEA-B967-5350386C4DFD}.Debug|Any CPU.Build.0 = Debug|Any CPU
		{967D5FBB-FC77-4EEA-B967-5350386C4DFD}.Release|Any CPU.ActiveCfg = Release|Any CPU
		{967D5FBB-FC77-4EEA-B967-5350386C4DFD}.Release|Any CPU.Build.0 = Release|Any CPU
	EndGlobalSection
	GlobalSection(SolutionProperties) = preSolution
		HideSolutionNode = FALSE
	EndGlobalSection
	GlobalSection(ExtensibilityGlobals) = postSolution
		SolutionGuid = {36C9D720-B64A-4051-96F5-27B96B16FA56}
	EndGlobalSection
EndGlobal
