
Microsoft Visual Studio Solution File, Format Version 12.00
# Visual Studio Version 16
VisualStudioVersion = 16.0.31702.278
MinimumVisualStudioVersion = 10.0.40219.1
Project("{FAE04EC0-301F-11D3-BF4B-00C04F79EFBC}") = "again", "again\again.csproj", "{60172583-DA9A-4123-AAE9-97FD781D5901}"
EndProject
Global
	GlobalSection(SolutionConfigurationPlatforms) = preSolution
		Debug|Any CPU = Debug|Any CPU
		Release|Any CPU = Release|Any CPU
	EndGlobalSection
	GlobalSection(ProjectConfigurationPlatforms) = postSolution
		{60172583-DA9A-4123-AAE9-97FD781D5901}.Debug|Any CPU.ActiveCfg = Debug|Any CPU
		{60172583-DA9A-4123-AAE9-97FD781D5901}.Debug|Any CPU.Build.0 = Debug|Any CPU
		{60172583-DA9A-4123-AAE9-97FD781D5901}.Release|Any CPU.ActiveCfg = Release|Any CPU
		{60172583-DA9A-4123-AAE9-97FD781D5901}.Release|Any CPU.Build.0 = Release|Any CPU
	EndGlobalSection
	GlobalSection(SolutionProperties) = preSolution
		HideSolutionNode = FALSE
	EndGlobalSection
	GlobalSection(ExtensibilityGlobals) = postSolution
		SolutionGuid = {19C73926-7E20-4DF4-BC09-61EADD4C9568}
	EndGlobalSection
EndGlobal
