
Microsoft Visual Studio Solution File, Format Version 12.00
# Visual Studio Version 17
VisualStudioVersion = 17.5.33516.290
MinimumVisualStudioVersion = 10.0.40219.1
Project("{FAE04EC0-301F-11D3-BF4B-00C04F79EFBC}") = "task001", "task001\task001.csproj", "{70407195-4716-4E0E-89FF-B36B6D342835}"
EndProject
Global
	GlobalSection(SolutionConfigurationPlatforms) = preSolution
		Debug|Any CPU = Debug|Any CPU
		Release|Any CPU = Release|Any CPU
	EndGlobalSection
	GlobalSection(ProjectConfigurationPlatforms) = postSolution
		{70407195-4716-4E0E-89FF-B36B6D342835}.Debug|Any CPU.ActiveCfg = Debug|Any CPU
		{70407195-4716-4E0E-89FF-B36B6D342835}.Debug|Any CPU.Build.0 = Debug|Any CPU
		{70407195-4716-4E0E-89FF-B36B6D342835}.Release|Any CPU.ActiveCfg = Release|Any CPU
		{70407195-4716-4E0E-89FF-B36B6D342835}.Release|Any CPU.Build.0 = Release|Any CPU
	EndGlobalSection
	GlobalSection(SolutionProperties) = preSolution
		HideSolutionNode = FALSE
	EndGlobalSection
	GlobalSection(ExtensibilityGlobals) = postSolution
		SolutionGuid = {7084B13F-1A53-4E07-ADF7-C3D54230B697}
	EndGlobalSection
EndGlobal
