
Microsoft Visual Studio Solution File, Format Version 12.00
# Visual Studio Version 17
VisualStudioVersion = 17.5.33424.131
MinimumVisualStudioVersion = 10.0.40219.1
Project("{FAE04EC0-301F-11D3-BF4B-00C04F79EFBC}") = "RandomGenerator", "RandomGenerator\RandomGenerator.csproj", "{B5E7F42F-AF2D-4325-A5E1-A65A0B5FA118}"
EndProject
Project("{FAE04EC0-301F-11D3-BF4B-00C04F79EFBC}") = "RandomDistributionUnitTestProject", "RandomDistributionUnitTestProject\RandomDistributionUnitTestProject.csproj", "{D2611B2B-29B6-4345-A9BA-3FC8D7B66728}"
EndProject
Project("{FAE04EC0-301F-11D3-BF4B-00C04F79EFBC}") = "RandomDistribution.UnitTests", "RandomDistribution.UnitTests\RandomDistribution.UnitTests.csproj", "{6D37E0D2-1D88-4494-B369-A6E6804C4D9A}"
EndProject
Global
	GlobalSection(SolutionConfigurationPlatforms) = preSolution
		Debug|Any CPU = Debug|Any CPU
		Release|Any CPU = Release|Any CPU
	EndGlobalSection
	GlobalSection(ProjectConfigurationPlatforms) = postSolution
		{B5E7F42F-AF2D-4325-A5E1-A65A0B5FA118}.Debug|Any CPU.ActiveCfg = Debug|Any CPU
		{B5E7F42F-AF2D-4325-A5E1-A65A0B5FA118}.Debug|Any CPU.Build.0 = Debug|Any CPU
		{B5E7F42F-AF2D-4325-A5E1-A65A0B5FA118}.Release|Any CPU.ActiveCfg = Release|Any CPU
		{B5E7F42F-AF2D-4325-A5E1-A65A0B5FA118}.Release|Any CPU.Build.0 = Release|Any CPU
		{D2611B2B-29B6-4345-A9BA-3FC8D7B66728}.Debug|Any CPU.ActiveCfg = Debug|Any CPU
		{D2611B2B-29B6-4345-A9BA-3FC8D7B66728}.Debug|Any CPU.Build.0 = Debug|Any CPU
		{D2611B2B-29B6-4345-A9BA-3FC8D7B66728}.Release|Any CPU.ActiveCfg = Release|Any CPU
		{D2611B2B-29B6-4345-A9BA-3FC8D7B66728}.Release|Any CPU.Build.0 = Release|Any CPU
		{6D37E0D2-1D88-4494-B369-A6E6804C4D9A}.Debug|Any CPU.ActiveCfg = Debug|Any CPU
		{6D37E0D2-1D88-4494-B369-A6E6804C4D9A}.Debug|Any CPU.Build.0 = Debug|Any CPU
		{6D37E0D2-1D88-4494-B369-A6E6804C4D9A}.Release|Any CPU.ActiveCfg = Release|Any CPU
		{6D37E0D2-1D88-4494-B369-A6E6804C4D9A}.Release|Any CPU.Build.0 = Release|Any CPU
	EndGlobalSection
	GlobalSection(SolutionProperties) = preSolution
		HideSolutionNode = FALSE
	EndGlobalSection
	GlobalSection(ExtensibilityGlobals) = postSolution
		SolutionGuid = {9CB11766-4457-449F-AA38-0D33BFCABECC}
	EndGlobalSection
EndGlobal
