
Microsoft Visual Studio Solution File, Format Version 12.00
# Visual Studio Version 17
VisualStudioVersion = 17.5.33424.131
MinimumVisualStudioVersion = 10.0.40219.1
Project("{FAE04EC0-301F-11D3-BF4B-00C04F79EFBC}") = "Storage", "Storage\Storage.csproj", "{F76F4D68-DF49-4A32-AC0F-C52730AF24ED}"
EndProject
Project("{FAE04EC0-301F-11D3-BF4B-00C04F79EFBC}") = "Warehouse", "Warehouse\Warehouse.csproj", "{22641D36-7CA8-44B3-8544-43A8E54676EA}"
EndProject
Project("{FAE04EC0-301F-11D3-BF4B-00C04F79EFBC}") = "Storage.UnitTests", "Storage.UnitTests\Storage.UnitTests.csproj", "{B3377F71-4F82-4C5C-91DD-8FD1ECC48DCC}"
EndProject
Global
	GlobalSection(SolutionConfigurationPlatforms) = preSolution
		Debug|Any CPU = Debug|Any CPU
		Release|Any CPU = Release|Any CPU
	EndGlobalSection
	GlobalSection(ProjectConfigurationPlatforms) = postSolution
		{F76F4D68-DF49-4A32-AC0F-C52730AF24ED}.Debug|Any CPU.ActiveCfg = Debug|Any CPU
		{F76F4D68-DF49-4A32-AC0F-C52730AF24ED}.Debug|Any CPU.Build.0 = Debug|Any CPU
		{F76F4D68-DF49-4A32-AC0F-C52730AF24ED}.Release|Any CPU.ActiveCfg = Release|Any CPU
		{F76F4D68-DF49-4A32-AC0F-C52730AF24ED}.Release|Any CPU.Build.0 = Release|Any CPU
		{22641D36-7CA8-44B3-8544-43A8E54676EA}.Debug|Any CPU.ActiveCfg = Debug|Any CPU
		{22641D36-7CA8-44B3-8544-43A8E54676EA}.Debug|Any CPU.Build.0 = Debug|Any CPU
		{22641D36-7CA8-44B3-8544-43A8E54676EA}.Release|Any CPU.ActiveCfg = Release|Any CPU
		{22641D36-7CA8-44B3-8544-43A8E54676EA}.Release|Any CPU.Build.0 = Release|Any CPU
		{B3377F71-4F82-4C5C-91DD-8FD1ECC48DCC}.Debug|Any CPU.ActiveCfg = Debug|Any CPU
		{B3377F71-4F82-4C5C-91DD-8FD1ECC48DCC}.Debug|Any CPU.Build.0 = Debug|Any CPU
		{B3377F71-4F82-4C5C-91DD-8FD1ECC48DCC}.Release|Any CPU.ActiveCfg = Release|Any CPU
		{B3377F71-4F82-4C5C-91DD-8FD1ECC48DCC}.Release|Any CPU.Build.0 = Release|Any CPU
	EndGlobalSection
	GlobalSection(SolutionProperties) = preSolution
		HideSolutionNode = FALSE
	EndGlobalSection
	GlobalSection(ExtensibilityGlobals) = postSolution
		SolutionGuid = {B27377EF-8A0E-4AC3-9EA6-6BA5DABC25FC}
	EndGlobalSection
EndGlobal
