
Microsoft Visual Studio Solution File, Format Version 12.00
# Visual Studio Version 17
VisualStudioVersion = 17.5.33516.290
MinimumVisualStudioVersion = 10.0.40219.1
Project("{FAE04EC0-301F-11D3-BF4B-00C04F79EFBC}") = "WpfApp1", "WpfApp1\WpfApp1.csproj", "{6395FEC4-9F0B-420C-9672-51FA28B1CF13}"
EndProject
Global
	GlobalSection(SolutionConfigurationPlatforms) = preSolution
		Debug|Any CPU = Debug|Any CPU
		Release|Any CPU = Release|Any CPU
	EndGlobalSection
	GlobalSection(ProjectConfigurationPlatforms) = postSolution
		{6395FEC4-9F0B-420C-9672-51FA28B1CF13}.Debug|Any CPU.ActiveCfg = Debug|Any CPU
		{6395FEC4-9F0B-420C-9672-51FA28B1CF13}.Debug|Any CPU.Build.0 = Debug|Any CPU
		{6395FEC4-9F0B-420C-9672-51FA28B1CF13}.Release|Any CPU.ActiveCfg = Release|Any CPU
		{6395FEC4-9F0B-420C-9672-51FA28B1CF13}.Release|Any CPU.Build.0 = Release|Any CPU
	EndGlobalSection
	GlobalSection(SolutionProperties) = preSolution
		HideSolutionNode = FALSE
	EndGlobalSection
	GlobalSection(ExtensibilityGlobals) = postSolution
		SolutionGuid = {91B6E09C-9F30-41FE-AADB-078EC3D81CD0}
	EndGlobalSection
EndGlobal
